
Microsoft Visual Studio Solution File, Format Version 12.00
# Visual Studio Version 16
VisualStudioVersion = 16.0.31613.86
MinimumVisualStudioVersion = 10.0.40219.1
Project("{FAE04EC0-301F-11D3-BF4B-00C04F79EFBC}") = "ViewVid", "ViewVid\ViewVid.csproj", "{B6938816-6156-466A-9370-FEF192F18215}"
EndProject
Project("{FAE04EC0-301F-11D3-BF4B-00C04F79EFBC}") = "ConsoleTest1", "ConsoleTest1\ConsoleTest1.csproj", "{53B06F8A-1A1D-4C3C-AADA-E831E8EE4970}"
EndProject
Project("{FAE04EC0-301F-11D3-BF4B-00C04F79EFBC}") = "ConsoleTest2", "ConsoleTest2\ConsoleTest2.csproj", "{2B1E07F2-D6DC-4629-81C6-2BF214D100A8}"
EndProject
Project("{FAE04EC0-301F-11D3-BF4B-00C04F79EFBC}") = "MPElementTest", "MPElementTest\MPElementTest.csproj", "{5B6FBAB5-A4DD-48E4-9103-412B24F57894}"
EndProject
Project("{FAE04EC0-301F-11D3-BF4B-00C04F79EFBC}") = "ViewVid-v3", "ViewVid-v3\ViewVid-v3.csproj", "{718ED5DF-1C0D-4482-984D-E41C6CF18564}"
EndProject
Global
	GlobalSection(SolutionConfigurationPlatforms) = preSolution
		Debug|Any CPU = Debug|Any CPU
		Debug|ARM = Debug|ARM
		Debug|ARM64 = Debug|ARM64
		Debug|x64 = Debug|x64
		Debug|x86 = Debug|x86
		Release|Any CPU = Release|Any CPU
		Release|ARM = Release|ARM
		Release|ARM64 = Release|ARM64
		Release|x64 = Release|x64
		Release|x86 = Release|x86
	EndGlobalSection
	GlobalSection(ProjectConfigurationPlatforms) = postSolution
		{B6938816-6156-466A-9370-FEF192F18215}.Debug|Any CPU.ActiveCfg = Debug|x86
		{B6938816-6156-466A-9370-FEF192F18215}.Debug|ARM.ActiveCfg = Debug|ARM
		{B6938816-6156-466A-9370-FEF192F18215}.Debug|ARM.Build.0 = Debug|ARM
		{B6938816-6156-466A-9370-FEF192F18215}.Debug|ARM.Deploy.0 = Debug|ARM
		{B6938816-6156-466A-9370-FEF192F18215}.Debug|ARM64.ActiveCfg = Debug|ARM64
		{B6938816-6156-466A-9370-FEF192F18215}.Debug|ARM64.Build.0 = Debug|ARM64
		{B6938816-6156-466A-9370-FEF192F18215}.Debug|ARM64.Deploy.0 = Debug|ARM64
		{B6938816-6156-466A-9370-FEF192F18215}.Debug|x64.ActiveCfg = Debug|x64
		{B6938816-6156-466A-9370-FEF192F18215}.Debug|x64.Build.0 = Debug|x64
		{B6938816-6156-466A-9370-FEF192F18215}.Debug|x64.Deploy.0 = Debug|x64
		{B6938816-6156-466A-9370-FEF192F18215}.Debug|x86.ActiveCfg = Debug|x86
		{B6938816-6156-466A-9370-FEF192F18215}.Debug|x86.Build.0 = Debug|x86
		{B6938816-6156-466A-9370-FEF192F18215}.Debug|x86.Deploy.0 = Debug|x86
		{B6938816-6156-466A-9370-FEF192F18215}.Release|Any CPU.ActiveCfg = Release|x86
		{B6938816-6156-466A-9370-FEF192F18215}.Release|ARM.ActiveCfg = Release|ARM
		{B6938816-6156-466A-9370-FEF192F18215}.Release|ARM.Build.0 = Release|ARM
		{B6938816-6156-466A-9370-FEF192F18215}.Release|ARM.Deploy.0 = Release|ARM
		{B6938816-6156-466A-9370-FEF192F18215}.Release|ARM64.ActiveCfg = Release|ARM64
		{B6938816-6156-466A-9370-FEF192F18215}.Release|ARM64.Build.0 = Release|ARM64
		{B6938816-6156-466A-9370-FEF192F18215}.Release|ARM64.Deploy.0 = Release|ARM64
		{B6938816-6156-466A-9370-FEF192F18215}.Release|x64.ActiveCfg = Release|x64
		{B6938816-6156-466A-9370-FEF192F18215}.Release|x64.Build.0 = Release|x64
		{B6938816-6156-466A-9370-FEF192F18215}.Release|x64.Deploy.0 = Release|x64
		{B6938816-6156-466A-9370-FEF192F18215}.Release|x86.ActiveCfg = Release|x86
		{B6938816-6156-466A-9370-FEF192F18215}.Release|x86.Build.0 = Release|x86
		{B6938816-6156-466A-9370-FEF192F18215}.Release|x86.Deploy.0 = Release|x86
		{53B06F8A-1A1D-4C3C-AADA-E831E8EE4970}.Debug|Any CPU.ActiveCfg = Debug|Any CPU
		{53B06F8A-1A1D-4C3C-AADA-E831E8EE4970}.Debug|Any CPU.Build.0 = Debug|Any CPU
		{53B06F8A-1A1D-4C3C-AADA-E831E8EE4970}.Debug|ARM.ActiveCfg = Debug|Any CPU
		{53B06F8A-1A1D-4C3C-AADA-E831E8EE4970}.Debug|ARM.Build.0 = Debug|Any CPU
		{53B06F8A-1A1D-4C3C-AADA-E831E8EE4970}.Debug|ARM64.ActiveCfg = Debug|Any CPU
		{53B06F8A-1A1D-4C3C-AADA-E831E8EE4970}.Debug|ARM64.Build.0 = Debug|Any CPU
		{53B06F8A-1A1D-4C3C-AADA-E831E8EE4970}.Debug|x64.ActiveCfg = Debug|Any CPU
		{53B06F8A-1A1D-4C3C-AADA-E831E8EE4970}.Debug|x64.Build.0 = Debug|Any CPU
		{53B06F8A-1A1D-4C3C-AADA-E831E8EE4970}.Debug|x86.ActiveCfg = Debug|Any CPU
		{53B06F8A-1A1D-4C3C-AADA-E831E8EE4970}.Debug|x86.Build.0 = Debug|Any CPU
		{53B06F8A-1A1D-4C3C-AADA-E831E8EE4970}.Release|Any CPU.ActiveCfg = Release|Any CPU
		{53B06F8A-1A1D-4C3C-AADA-E831E8EE4970}.Release|Any CPU.Build.0 = Release|Any CPU
		{53B06F8A-1A1D-4C3C-AADA-E831E8EE4970}.Release|ARM.ActiveCfg = Release|Any CPU
		{53B06F8A-1A1D-4C3C-AADA-E831E8EE4970}.Release|ARM.Build.0 = Release|Any CPU
		{53B06F8A-1A1D-4C3C-AADA-E831E8EE4970}.Release|ARM64.ActiveCfg = Release|Any CPU
		{53B06F8A-1A1D-4C3C-AADA-E831E8EE4970}.Release|ARM64.Build.0 = Release|Any CPU
		{53B06F8A-1A1D-4C3C-AADA-E831E8EE4970}.Release|x64.ActiveCfg = Release|Any CPU
		{53B06F8A-1A1D-4C3C-AADA-E831E8EE4970}.Release|x64.Build.0 = Release|Any CPU
		{53B06F8A-1A1D-4C3C-AADA-E831E8EE4970}.Release|x86.ActiveCfg = Release|Any CPU
		{53B06F8A-1A1D-4C3C-AADA-E831E8EE4970}.Release|x86.Build.0 = Release|Any CPU
		{2B1E07F2-D6DC-4629-81C6-2BF214D100A8}.Debug|Any CPU.ActiveCfg = Debug|Any CPU
		{2B1E07F2-D6DC-4629-81C6-2BF214D100A8}.Debug|Any CPU.Build.0 = Debug|Any CPU
		{2B1E07F2-D6DC-4629-81C6-2BF214D100A8}.Debug|ARM.ActiveCfg = Debug|Any CPU
		{2B1E07F2-D6DC-4629-81C6-2BF214D100A8}.Debug|ARM.Build.0 = Debug|Any CPU
		{2B1E07F2-D6DC-4629-81C6-2BF214D100A8}.Debug|ARM64.ActiveCfg = Debug|Any CPU
		{2B1E07F2-D6DC-4629-81C6-2BF214D100A8}.Debug|ARM64.Build.0 = Debug|Any CPU
		{2B1E07F2-D6DC-4629-81C6-2BF214D100A8}.Debug|x64.ActiveCfg = Debug|Any CPU
		{2B1E07F2-D6DC-4629-81C6-2BF214D100A8}.Debug|x64.Build.0 = Debug|Any CPU
		{2B1E07F2-D6DC-4629-81C6-2BF214D100A8}.Debug|x86.ActiveCfg = Debug|Any CPU
		{2B1E07F2-D6DC-4629-81C6-2BF214D100A8}.Debug|x86.Build.0 = Debug|Any CPU
		{2B1E07F2-D6DC-4629-81C6-2BF214D100A8}.Release|Any CPU.ActiveCfg = Release|Any CPU
		{2B1E07F2-D6DC-4629-81C6-2BF214D100A8}.Release|Any CPU.Build.0 = Release|Any CPU
		{2B1E07F2-D6DC-4629-81C6-2BF214D100A8}.Release|ARM.ActiveCfg = Release|Any CPU
		{2B1E07F2-D6DC-4629-81C6-2BF214D100A8}.Release|ARM.Build.0 = Release|Any CPU
		{2B1E07F2-D6DC-4629-81C6-2BF214D100A8}.Release|ARM64.ActiveCfg = Release|Any CPU
		{2B1E07F2-D6DC-4629-81C6-2BF214D100A8}.Release|ARM64.Build.0 = Release|Any CPU
		{2B1E07F2-D6DC-4629-81C6-2BF214D100A8}.Release|x64.ActiveCfg = Release|Any CPU
		{2B1E07F2-D6DC-4629-81C6-2BF214D100A8}.Release|x64.Build.0 = Release|Any CPU
		{2B1E07F2-D6DC-4629-81C6-2BF214D100A8}.Release|x86.ActiveCfg = Release|Any CPU
		{2B1E07F2-D6DC-4629-81C6-2BF214D100A8}.Release|x86.Build.0 = Release|Any CPU
		{5B6FBAB5-A4DD-48E4-9103-412B24F57894}.Debug|Any CPU.ActiveCfg = Debug|x86
		{5B6FBAB5-A4DD-48E4-9103-412B24F57894}.Debug|ARM.ActiveCfg = Debug|ARM
		{5B6FBAB5-A4DD-48E4-9103-412B24F57894}.Debug|ARM.Build.0 = Debug|ARM
		{5B6FBAB5-A4DD-48E4-9103-412B24F57894}.Debug|ARM.Deploy.0 = Debug|ARM
		{5B6FBAB5-A4DD-48E4-9103-412B24F57894}.Debug|ARM64.ActiveCfg = Debug|ARM64
		{5B6FBAB5-A4DD-48E4-9103-412B24F57894}.Debug|ARM64.Build.0 = Debug|ARM64
		{5B6FBAB5-A4DD-48E4-9103-412B24F57894}.Debug|ARM64.Deploy.0 = Debug|ARM64
		{5B6FBAB5-A4DD-48E4-9103-412B24F57894}.Debug|x64.ActiveCfg = Debug|x64
		{5B6FBAB5-A4DD-48E4-9103-412B24F57894}.Debug|x64.Build.0 = Debug|x64
		{5B6FBAB5-A4DD-48E4-9103-412B24F57894}.Debug|x64.Deploy.0 = Debug|x64
		{5B6FBAB5-A4DD-48E4-9103-412B24F57894}.Debug|x86.ActiveCfg = Debug|x86
		{5B6FBAB5-A4DD-48E4-9103-412B24F57894}.Debug|x86.Build.0 = Debug|x86
		{5B6FBAB5-A4DD-48E4-9103-412B24F57894}.Debug|x86.Deploy.0 = Debug|x86
		{5B6FBAB5-A4DD-48E4-9103-412B24F57894}.Release|Any CPU.ActiveCfg = Release|x86
		{5B6FBAB5-A4DD-48E4-9103-412B24F57894}.Release|ARM.ActiveCfg = Release|ARM
		{5B6FBAB5-A4DD-48E4-9103-412B24F57894}.Release|ARM.Build.0 = Release|ARM
		{5B6FBAB5-A4DD-48E4-9103-412B24F57894}.Release|ARM.Deploy.0 = Release|ARM
		{5B6FBAB5-A4DD-48E4-9103-412B24F57894}.Release|ARM64.ActiveCfg = Release|ARM64
		{5B6FBAB5-A4DD-48E4-9103-412B24F57894}.Release|ARM64.Build.0 = Release|ARM64
		{5B6FBAB5-A4DD-48E4-9103-412B24F57894}.Release|ARM64.Deploy.0 = Release|ARM64
		{5B6FBAB5-A4DD-48E4-9103-412B24F57894}.Release|x64.ActiveCfg = Release|x64
		{5B6FBAB5-A4DD-48E4-9103-412B24F57894}.Release|x64.Build.0 = Release|x64
		{5B6FBAB5-A4DD-48E4-9103-412B24F57894}.Release|x64.Deploy.0 = Release|x64
		{5B6FBAB5-A4DD-48E4-9103-412B24F57894}.Release|x86.ActiveCfg = Release|x86
		{5B6FBAB5-A4DD-48E4-9103-412B24F57894}.Release|x86.Build.0 = Release|x86
		{5B6FBAB5-A4DD-48E4-9103-412B24F57894}.Release|x86.Deploy.0 = Release|x86
		{718ED5DF-1C0D-4482-984D-E41C6CF18564}.Debug|Any CPU.ActiveCfg = Debug|x86
		{718ED5DF-1C0D-4482-984D-E41C6CF18564}.Debug|ARM.ActiveCfg = Debug|ARM
		{718ED5DF-1C0D-4482-984D-E41C6CF18564}.Debug|ARM.Build.0 = Debug|ARM
		{718ED5DF-1C0D-4482-984D-E41C6CF18564}.Debug|ARM.Deploy.0 = Debug|ARM
		{718ED5DF-1C0D-4482-984D-E41C6CF18564}.Debug|ARM64.ActiveCfg = Debug|ARM64
		{718ED5DF-1C0D-4482-984D-E41C6CF18564}.Debug|ARM64.Build.0 = Debug|ARM64
		{718ED5DF-1C0D-4482-984D-E41C6CF18564}.Debug|ARM64.Deploy.0 = Debug|ARM64
		{718ED5DF-1C0D-4482-984D-E41C6CF18564}.Debug|x64.ActiveCfg = Debug|x64
		{718ED5DF-1C0D-4482-984D-E41C6CF18564}.Debug|x64.Build.0 = Debug|x64
		{718ED5DF-1C0D-4482-984D-E41C6CF18564}.Debug|x64.Deploy.0 = Debug|x64
		{718ED5DF-1C0D-4482-984D-E41C6CF18564}.Debug|x86.ActiveCfg = Debug|x86
		{718ED5DF-1C0D-4482-984D-E41C6CF18564}.Debug|x86.Build.0 = Debug|x86
		{718ED5DF-1C0D-4482-984D-E41C6CF18564}.Debug|x86.Deploy.0 = Debug|x86
		{718ED5DF-1C0D-4482-984D-E41C6CF18564}.Release|Any CPU.ActiveCfg = Release|x86
		{718ED5DF-1C0D-4482-984D-E41C6CF18564}.Release|ARM.ActiveCfg = Release|ARM
		{718ED5DF-1C0D-4482-984D-E41C6CF18564}.Release|ARM.Build.0 = Release|ARM
		{718ED5DF-1C0D-4482-984D-E41C6CF18564}.Release|ARM.Deploy.0 = Release|ARM
		{718ED5DF-1C0D-4482-984D-E41C6CF18564}.Release|ARM64.ActiveCfg = Release|ARM64
		{718ED5DF-1C0D-4482-984D-E41C6CF18564}.Release|ARM64.Build.0 = Release|ARM64
		{718ED5DF-1C0D-4482-984D-E41C6CF18564}.Release|ARM64.Deploy.0 = Release|ARM64
		{718ED5DF-1C0D-4482-984D-E41C6CF18564}.Release|x64.ActiveCfg = Release|x64
		{718ED5DF-1C0D-4482-984D-E41C6CF18564}.Release|x64.Build.0 = Release|x64
		{718ED5DF-1C0D-4482-984D-E41C6CF18564}.Release|x64.Deploy.0 = Release|x64
		{718ED5DF-1C0D-4482-984D-E41C6CF18564}.Release|x86.ActiveCfg = Release|x86
		{718ED5DF-1C0D-4482-984D-E41C6CF18564}.Release|x86.Build.0 = Release|x86
		{718ED5DF-1C0D-4482-984D-E41C6CF18564}.Release|x86.Deploy.0 = Release|x86
	EndGlobalSection
	GlobalSection(SolutionProperties) = preSolution
		HideSolutionNode = FALSE
	EndGlobalSection
	GlobalSection(ExtensibilityGlobals) = postSolution
		SolutionGuid = {C2695D79-2ED8-4282-8068-DD117DF881C0}
	EndGlobalSection
EndGlobal
